
Microsoft Visual Studio Solution File, Format Version 12.00
# Visual Studio Version 17
VisualStudioVersion = 17.14.36109.1
MinimumVisualStudioVersion = 10.0.40219.1
Project("{FAE04EC0-301F-11D3-BF4B-00C04F79EFBC}") = "MyFlix", "MyFlix\MyFlix.csproj", "{02A71B12-C24F-463F-9EF5-559F734A952F}"
EndProject
Project("{2150E333-8FDC-42A3-9474-1A3956D46DE8}") = "Aplicacao", "Aplicacao", "{02EA681E-C7D8-13C7-8484-4AC65E1B71E8}"
EndProject
Project("{2150E333-8FDC-42A3-9474-1A3956D46DE8}") = "Servicos", "Servicos", "{ED06F3BB-FAF8-41DD-9ECE-98DC1DF7E6E3}"
EndProject
Project("{2150E333-8FDC-42A3-9474-1A3956D46DE8}") = "Dados", "Dados", "{015F8CE5-84F1-4916-BDBA-3F40E1BFF192}"
EndProject
Project("{2150E333-8FDC-42A3-9474-1A3956D46DE8}") = "Persistencia", "Persistencia", "{0C478297-1A9F-467A-B705-5C487DBA8B61}"
EndProject
Project("{FAE04EC0-301F-11D3-BF4B-00C04F79EFBC}") = "MyFlix.AppServer", "MyFlix.AppServer\MyFlix.AppServer.csproj", "{2DC64C8C-7C1C-4077-AC20-F52E788FE73B}"
EndProject
Project("{FAE04EC0-301F-11D3-BF4B-00C04F79EFBC}") = "MyFlix.Repositorio", "MyFlix.Repository\MyFlix.Repositorio.csproj", "{A6EDD0DE-9058-4664-BA87-7A94C2340B5F}"
EndProject
Project("{FAE04EC0-301F-11D3-BF4B-00C04F79EFBC}") = "MyFlix.Dados", "MyFlix.Dados\MyFlix.Dados.csproj", "{0B4EA78C-50DB-43E8-8198-27E4B785A78B}"
EndProject
Project("{2150E333-8FDC-42A3-9474-1A3956D46DE8}") = "Infra", "Infra", "{A6ED49B9-6143-4CD3-A093-493C65657A02}"
EndProject
Project("{FAE04EC0-301F-11D3-BF4B-00C04F79EFBC}") = "MyFlix.Infra", "MyFlix.Infra\MyFlix.Infra.csproj", "{95291EB8-1092-4965-B429-FE5E71BCC527}"
EndProject
Project("{2150E333-8FDC-42A3-9474-1A3956D46DE8}") = "Negocios", "Negocios", "{67F58AC5-013C-46B2-97A5-9F2A70FC2068}"
EndProject
Project("{FAE04EC0-301F-11D3-BF4B-00C04F79EFBC}") = "MyFlix.Serve", "MyFlix.Serve\MyFlix.Serve.csproj", "{DB275661-175D-41EB-A361-62F79D1A0408}"
EndProject
Project("{2150E333-8FDC-42A3-9474-1A3956D46DE8}") = "Testes", "Testes", "{2B8450F8-2437-48C6-85BC-B9E567DFFACB}"
EndProject
Project("{FAE04EC0-301F-11D3-BF4B-00C04F79EFBC}") = "MyFilx.Teste", "MyFilx.Teste\MyFilx.Teste.csproj", "{220A1A28-FC30-4D84-9ABB-34ED2482EB4E}"
EndProject
Project("{2150E333-8FDC-42A3-9474-1A3956D46DE8}") = "UI", "UI", "{5E693FFB-2F6F-4C41-B529-8FD095918EE9}"
EndProject
Project("{2150E333-8FDC-42A3-9474-1A3956D46DE8}") = "API", "API", "{F1884F81-4802-4B9A-B238-43BC04ED530A}"
EndProject
Project("{54A90642-561A-4BB1-A94E-469ADEE60C69}") = "myflixs-ui", "MyFlixs-UI\myflixs-ui.esproj", "{1F66EC00-FECC-8C8B-772B-D23B09AD1BF3}"
EndProject
Global
	GlobalSection(SolutionConfigurationPlatforms) = preSolution
		Debug|Any CPU = Debug|Any CPU
		Release|Any CPU = Release|Any CPU
	EndGlobalSection
	GlobalSection(ProjectConfigurationPlatforms) = postSolution
		{02A71B12-C24F-463F-9EF5-559F734A952F}.Debug|Any CPU.ActiveCfg = Debug|Any CPU
		{02A71B12-C24F-463F-9EF5-559F734A952F}.Debug|Any CPU.Build.0 = Debug|Any CPU
		{02A71B12-C24F-463F-9EF5-559F734A952F}.Release|Any CPU.ActiveCfg = Release|Any CPU
		{02A71B12-C24F-463F-9EF5-559F734A952F}.Release|Any CPU.Build.0 = Release|Any CPU
		{2DC64C8C-7C1C-4077-AC20-F52E788FE73B}.Debug|Any CPU.ActiveCfg = Debug|Any CPU
		{2DC64C8C-7C1C-4077-AC20-F52E788FE73B}.Debug|Any CPU.Build.0 = Debug|Any CPU
		{2DC64C8C-7C1C-4077-AC20-F52E788FE73B}.Release|Any CPU.ActiveCfg = Release|Any CPU
		{2DC64C8C-7C1C-4077-AC20-F52E788FE73B}.Release|Any CPU.Build.0 = Release|Any CPU
		{A6EDD0DE-9058-4664-BA87-7A94C2340B5F}.Debug|Any CPU.ActiveCfg = Debug|Any CPU
		{A6EDD0DE-9058-4664-BA87-7A94C2340B5F}.Debug|Any CPU.Build.0 = Debug|Any CPU
		{A6EDD0DE-9058-4664-BA87-7A94C2340B5F}.Release|Any CPU.ActiveCfg = Release|Any CPU
		{A6EDD0DE-9058-4664-BA87-7A94C2340B5F}.Release|Any CPU.Build.0 = Release|Any CPU
		{0B4EA78C-50DB-43E8-8198-27E4B785A78B}.Debug|Any CPU.ActiveCfg = Debug|Any CPU
		{0B4EA78C-50DB-43E8-8198-27E4B785A78B}.Debug|Any CPU.Build.0 = Debug|Any CPU
		{0B4EA78C-50DB-43E8-8198-27E4B785A78B}.Release|Any CPU.ActiveCfg = Release|Any CPU
		{0B4EA78C-50DB-43E8-8198-27E4B785A78B}.Release|Any CPU.Build.0 = Release|Any CPU
		{95291EB8-1092-4965-B429-FE5E71BCC527}.Debug|Any CPU.ActiveCfg = Debug|Any CPU
		{95291EB8-1092-4965-B429-FE5E71BCC527}.Debug|Any CPU.Build.0 = Debug|Any CPU
		{95291EB8-1092-4965-B429-FE5E71BCC527}.Release|Any CPU.ActiveCfg = Release|Any CPU
		{95291EB8-1092-4965-B429-FE5E71BCC527}.Release|Any CPU.Build.0 = Release|Any CPU
		{DB275661-175D-41EB-A361-62F79D1A0408}.Debug|Any CPU.ActiveCfg = Debug|Any CPU
		{DB275661-175D-41EB-A361-62F79D1A0408}.Debug|Any CPU.Build.0 = Debug|Any CPU
		{DB275661-175D-41EB-A361-62F79D1A0408}.Release|Any CPU.ActiveCfg = Release|Any CPU
		{DB275661-175D-41EB-A361-62F79D1A0408}.Release|Any CPU.Build.0 = Release|Any CPU
		{220A1A28-FC30-4D84-9ABB-34ED2482EB4E}.Debug|Any CPU.ActiveCfg = Debug|Any CPU
		{220A1A28-FC30-4D84-9ABB-34ED2482EB4E}.Debug|Any CPU.Build.0 = Debug|Any CPU
		{220A1A28-FC30-4D84-9ABB-34ED2482EB4E}.Release|Any CPU.ActiveCfg = Release|Any CPU
		{220A1A28-FC30-4D84-9ABB-34ED2482EB4E}.Release|Any CPU.Build.0 = Release|Any CPU
		{1F66EC00-FECC-8C8B-772B-D23B09AD1BF3}.Debug|Any CPU.ActiveCfg = Debug|Any CPU
		{1F66EC00-FECC-8C8B-772B-D23B09AD1BF3}.Debug|Any CPU.Build.0 = Debug|Any CPU
		{1F66EC00-FECC-8C8B-772B-D23B09AD1BF3}.Debug|Any CPU.Deploy.0 = Debug|Any CPU
		{1F66EC00-FECC-8C8B-772B-D23B09AD1BF3}.Release|Any CPU.ActiveCfg = Release|Any CPU
		{1F66EC00-FECC-8C8B-772B-D23B09AD1BF3}.Release|Any CPU.Build.0 = Release|Any CPU
		{1F66EC00-FECC-8C8B-772B-D23B09AD1BF3}.Release|Any CPU.Deploy.0 = Release|Any CPU
	EndGlobalSection
	GlobalSection(SolutionProperties) = preSolution
		HideSolutionNode = FALSE
	EndGlobalSection
	GlobalSection(NestedProjects) = preSolution
		{02A71B12-C24F-463F-9EF5-559F734A952F} = {F1884F81-4802-4B9A-B238-43BC04ED530A}
		{2DC64C8C-7C1C-4077-AC20-F52E788FE73B} = {ED06F3BB-FAF8-41DD-9ECE-98DC1DF7E6E3}
		{A6EDD0DE-9058-4664-BA87-7A94C2340B5F} = {0C478297-1A9F-467A-B705-5C487DBA8B61}
		{0B4EA78C-50DB-43E8-8198-27E4B785A78B} = {015F8CE5-84F1-4916-BDBA-3F40E1BFF192}
		{95291EB8-1092-4965-B429-FE5E71BCC527} = {A6ED49B9-6143-4CD3-A093-493C65657A02}
		{DB275661-175D-41EB-A361-62F79D1A0408} = {67F58AC5-013C-46B2-97A5-9F2A70FC2068}
		{220A1A28-FC30-4D84-9ABB-34ED2482EB4E} = {2B8450F8-2437-48C6-85BC-B9E567DFFACB}
		{5E693FFB-2F6F-4C41-B529-8FD095918EE9} = {02EA681E-C7D8-13C7-8484-4AC65E1B71E8}
		{F1884F81-4802-4B9A-B238-43BC04ED530A} = {02EA681E-C7D8-13C7-8484-4AC65E1B71E8}
		{1F66EC00-FECC-8C8B-772B-D23B09AD1BF3} = {5E693FFB-2F6F-4C41-B529-8FD095918EE9}
	EndGlobalSection
	GlobalSection(ExtensibilityGlobals) = postSolution
		SolutionGuid = {6A3A8280-17A0-43F2-98F9-5CF590186A90}
	EndGlobalSection
EndGlobal
